
Microsoft Visual Studio Solution File, Format Version 12.00
# Visual Studio Version 16
VisualStudioVersion = 16.0.30517.126
MinimumVisualStudioVersion = 10.0.40219.1
Project("{FAE04EC0-301F-11D3-BF4B-00C04F79EFBC}") = "MyCalculationClasses", "MyCalculationClasses.csproj", "{2816B409-042C-4FB1-9520-D7D73C967F39}"
EndProject
Project("{FAE04EC0-301F-11D3-BF4B-00C04F79EFBC}") = "MyCalculationTests", "MyCalculationTests\MyCalculationTests.csproj", "{4CF40453-E43F-41FF-9029-450FD57D2949}"
EndProject
Global
	GlobalSection(SolutionConfigurationPlatforms) = preSolution
		Debug|Any CPU = Debug|Any CPU
		Release|Any CPU = Release|Any CPU
	EndGlobalSection
	GlobalSection(ProjectConfigurationPlatforms) = postSolution
		{2816B409-042C-4FB1-9520-D7D73C967F39}.Debug|Any CPU.ActiveCfg = Debug|Any CPU
		{2816B409-042C-4FB1-9520-D7D73C967F39}.Debug|Any CPU.Build.0 = Debug|Any CPU
		{2816B409-042C-4FB1-9520-D7D73C967F39}.Release|Any CPU.ActiveCfg = Release|Any CPU
		{2816B409-042C-4FB1-9520-D7D73C967F39}.Release|Any CPU.Build.0 = Release|Any CPU
		{4CF40453-E43F-41FF-9029-450FD57D2949}.Debug|Any CPU.ActiveCfg = Debug|Any CPU
		{4CF40453-E43F-41FF-9029-450FD57D2949}.Debug|Any CPU.Build.0 = Debug|Any CPU
		{4CF40453-E43F-41FF-9029-450FD57D2949}.Release|Any CPU.ActiveCfg = Release|Any CPU
		{4CF40453-E43F-41FF-9029-450FD57D2949}.Release|Any CPU.Build.0 = Release|Any CPU
	EndGlobalSection
	GlobalSection(SolutionProperties) = preSolution
		HideSolutionNode = FALSE
	EndGlobalSection
	GlobalSection(ExtensibilityGlobals) = postSolution
		SolutionGuid = {A4BEE21E-2262-492F-909B-AD3D54002E65}
	EndGlobalSection
EndGlobal
